
Microsoft Visual Studio Solution File, Format Version 12.00
# Visual Studio 15
VisualStudioVersion = 15.0.27004.2010
MinimumVisualStudioVersion = 10.0.40219.1
Project("{FAE04EC0-301F-11D3-BF4B-00C04F79EFBC}") = "EnterpriseLibraryExample.MvcApplication", "src\EnterpriseLibraryExample.MvcApplication\EnterpriseLibraryExample.MvcApplication.csproj", "{AA1B1114-2E7C-4B42-BC75-E91888C9C2C1}"
EndProject
Project("{FAE04EC0-301F-11D3-BF4B-00C04F79EFBC}") = "MultitenantExample.ConsoleApplication", "src\MultitenantExample.ConsoleApplication\MultitenantExample.ConsoleApplication.csproj", "{7DC9BFB3-8F43-437D-81E2-BE540A017E70}"
EndProject
Project("{FAE04EC0-301F-11D3-BF4B-00C04F79EFBC}") = "MultitenantExample.MvcApplication", "src\MultitenantExample.MvcApplication\MultitenantExample.MvcApplication.csproj", "{6F1BD5E2-8195-40AD-85B5-CF1BFB3CCE7F}"
EndProject
Project("{FAE04EC0-301F-11D3-BF4B-00C04F79EFBC}") = "MultitenantExample.WcfService", "src\MultitenantExample.WcfService\MultitenantExample.WcfService.csproj", "{637C4B18-56BE-4E75-A7CD-7B79C489D33C}"
EndProject
Project("{FAE04EC0-301F-11D3-BF4B-00C04F79EFBC}") = "WebApiExample.OwinSelfHost", "src\WebApiExample.OwinSelfHost\WebApiExample.OwinSelfHost.csproj", "{07EC4968-EE0B-4EA9-9ED8-165CED3BB62B}"
EndProject
Project("{FAE04EC0-301F-11D3-BF4B-00C04F79EFBC}") = "AttributeMetadataExample", "src\AttributeMetadataExample\AttributeMetadataExample.csproj", "{38DDAE6D-0D1D-40D6-BF57-CAFED0322222}"
EndProject
Project("{FAE04EC0-301F-11D3-BF4B-00C04F79EFBC}") = "MvcExample", "src\MvcExample\MvcExample.csproj", "{49C746F1-53F4-433C-ABE0-1938D8B508B2}"
	ProjectSection(ProjectDependencies) = postProject
		{91212914-7EAF-4FC7-88E8-5C8ED9A9DB4A} = {91212914-7EAF-4FC7-88E8-5C8ED9A9DB4A}
	EndProjectSection
EndProject
Project("{FAE04EC0-301F-11D3-BF4B-00C04F79EFBC}") = "WcfExample", "src\WcfExample\WcfExample.csproj", "{91212914-7EAF-4FC7-88E8-5C8ED9A9DB4A}"
EndProject
Project("{FAE04EC0-301F-11D3-BF4B-00C04F79EFBC}") = "WebFormsExample", "src\WebFormsExample\WebFormsExample.csproj", "{F966402C-3F18-4FC4-B5E6-8049C79614B8}"
EndProject
Project("{9A19103F-16F7-4668-BE54-9A1E7A4F7556}") = "AspNetCore3Example", "src\AspNetCore3Example\AspNetCore3Example.csproj", "{D07BC865-AD15-4859-AEA7-C58389DAB1F0}"
EndProject
Project("{9A19103F-16F7-4668-BE54-9A1E7A4F7556}") = "GenericHostBuilderExample", "src\GenericHostBuilderExample\GenericHostBuilderExample.csproj", "{CE027ADF-C798-4989-B42C-BB571EBDAB03}"
EndProject
Project("{FAE04EC0-301F-11D3-BF4B-00C04F79EFBC}") = "ConfigurationExample", "src\ConfigurationExample\ConfigurationExample.csproj", "{40F6A888-F5E2-4B1E-8913-1E8ED3E6621E}"
	ProjectSection(ProjectDependencies) = postProject
		{DA92D3F1-CCA8-45EA-BB95-74F0158E76C5} = {DA92D3F1-CCA8-45EA-BB95-74F0158E76C5}
	EndProjectSection
EndProject
Project("{FAE04EC0-301F-11D3-BF4B-00C04F79EFBC}") = "ConfigurationExamplePlugin", "src\ConfigurationExamplePlugin\ConfigurationExamplePlugin.csproj", "{DA92D3F1-CCA8-45EA-BB95-74F0158E76C5}"
EndProject
Project("{FAE04EC0-301F-11D3-BF4B-00C04F79EFBC}") = "ConfigurationExampleInterface", "src\ConfigurationExampleInterface\ConfigurationExampleInterface.csproj", "{477A33C0-33EE-4176-BA3F-7EF56B46A811}"
EndProject
Project("{FAE04EC0-301F-11D3-BF4B-00C04F79EFBC}") = "AspNetCoreExample", "src\AspNetCoreExample\AspNetCoreExample.csproj", "{C04A5FDD-89B4-43EC-9E1F-F82238DFFCA0}"
EndProject
Global
	GlobalSection(SolutionConfigurationPlatforms) = preSolution
		Debug|Any CPU = Debug|Any CPU
		Debug|x86 = Debug|x86
		Release|Any CPU = Release|Any CPU
		Release|x86 = Release|x86
	EndGlobalSection
	GlobalSection(ProjectConfigurationPlatforms) = postSolution
		{AA1B1114-2E7C-4B42-BC75-E91888C9C2C1}.Debug|Any CPU.ActiveCfg = Debug|Any CPU
		{AA1B1114-2E7C-4B42-BC75-E91888C9C2C1}.Debug|Any CPU.Build.0 = Debug|Any CPU
		{AA1B1114-2E7C-4B42-BC75-E91888C9C2C1}.Debug|x86.ActiveCfg = Debug|Any CPU
		{AA1B1114-2E7C-4B42-BC75-E91888C9C2C1}.Release|Any CPU.ActiveCfg = Release|Any CPU
		{AA1B1114-2E7C-4B42-BC75-E91888C9C2C1}.Release|Any CPU.Build.0 = Release|Any CPU
		{AA1B1114-2E7C-4B42-BC75-E91888C9C2C1}.Release|x86.ActiveCfg = Release|Any CPU
		{7DC9BFB3-8F43-437D-81E2-BE540A017E70}.Debug|Any CPU.ActiveCfg = Debug|Any CPU
		{7DC9BFB3-8F43-437D-81E2-BE540A017E70}.Debug|Any CPU.Build.0 = Debug|Any CPU
		{7DC9BFB3-8F43-437D-81E2-BE540A017E70}.Debug|x86.ActiveCfg = Debug|x86
		{7DC9BFB3-8F43-437D-81E2-BE540A017E70}.Debug|x86.Build.0 = Debug|x86
		{7DC9BFB3-8F43-437D-81E2-BE540A017E70}.Release|Any CPU.ActiveCfg = Release|Any CPU
		{7DC9BFB3-8F43-437D-81E2-BE540A017E70}.Release|Any CPU.Build.0 = Release|Any CPU
		{7DC9BFB3-8F43-437D-81E2-BE540A017E70}.Release|x86.ActiveCfg = Release|x86
		{7DC9BFB3-8F43-437D-81E2-BE540A017E70}.Release|x86.Build.0 = Release|x86
		{6F1BD5E2-8195-40AD-85B5-CF1BFB3CCE7F}.Debug|Any CPU.ActiveCfg = Debug|Any CPU
		{6F1BD5E2-8195-40AD-85B5-CF1BFB3CCE7F}.Debug|Any CPU.Build.0 = Debug|Any CPU
		{6F1BD5E2-8195-40AD-85B5-CF1BFB3CCE7F}.Debug|x86.ActiveCfg = Debug|Any CPU
		{6F1BD5E2-8195-40AD-85B5-CF1BFB3CCE7F}.Release|Any CPU.ActiveCfg = Release|Any CPU
		{6F1BD5E2-8195-40AD-85B5-CF1BFB3CCE7F}.Release|Any CPU.Build.0 = Release|Any CPU
		{6F1BD5E2-8195-40AD-85B5-CF1BFB3CCE7F}.Release|x86.ActiveCfg = Release|Any CPU
		{637C4B18-56BE-4E75-A7CD-7B79C489D33C}.Debug|Any CPU.ActiveCfg = Debug|Any CPU
		{637C4B18-56BE-4E75-A7CD-7B79C489D33C}.Debug|Any CPU.Build.0 = Debug|Any CPU
		{637C4B18-56BE-4E75-A7CD-7B79C489D33C}.Debug|x86.ActiveCfg = Debug|Any CPU
		{637C4B18-56BE-4E75-A7CD-7B79C489D33C}.Release|Any CPU.ActiveCfg = Release|Any CPU
		{637C4B18-56BE-4E75-A7CD-7B79C489D33C}.Release|Any CPU.Build.0 = Release|Any CPU
		{637C4B18-56BE-4E75-A7CD-7B79C489D33C}.Release|x86.ActiveCfg = Release|Any CPU
		{07EC4968-EE0B-4EA9-9ED8-165CED3BB62B}.Debug|Any CPU.ActiveCfg = Debug|Any CPU
		{07EC4968-EE0B-4EA9-9ED8-165CED3BB62B}.Debug|Any CPU.Build.0 = Debug|Any CPU
		{07EC4968-EE0B-4EA9-9ED8-165CED3BB62B}.Debug|x86.ActiveCfg = Debug|Any CPU
		{07EC4968-EE0B-4EA9-9ED8-165CED3BB62B}.Release|Any CPU.ActiveCfg = Release|Any CPU
		{07EC4968-EE0B-4EA9-9ED8-165CED3BB62B}.Release|Any CPU.Build.0 = Release|Any CPU
		{07EC4968-EE0B-4EA9-9ED8-165CED3BB62B}.Release|x86.ActiveCfg = Release|Any CPU
		{38DDAE6D-0D1D-40D6-BF57-CAFED0322222}.Debug|Any CPU.ActiveCfg = Debug|Any CPU
		{38DDAE6D-0D1D-40D6-BF57-CAFED0322222}.Debug|Any CPU.Build.0 = Debug|Any CPU
		{38DDAE6D-0D1D-40D6-BF57-CAFED0322222}.Debug|x86.ActiveCfg = Debug|Any CPU
		{38DDAE6D-0D1D-40D6-BF57-CAFED0322222}.Debug|x86.Build.0 = Debug|Any CPU
		{38DDAE6D-0D1D-40D6-BF57-CAFED0322222}.Release|Any CPU.ActiveCfg = Release|Any CPU
		{38DDAE6D-0D1D-40D6-BF57-CAFED0322222}.Release|Any CPU.Build.0 = Release|Any CPU
		{38DDAE6D-0D1D-40D6-BF57-CAFED0322222}.Release|x86.ActiveCfg = Release|Any CPU
		{38DDAE6D-0D1D-40D6-BF57-CAFED0322222}.Release|x86.Build.0 = Release|Any CPU
		{49C746F1-53F4-433C-ABE0-1938D8B508B2}.Debug|Any CPU.ActiveCfg = Debug|Any CPU
		{49C746F1-53F4-433C-ABE0-1938D8B508B2}.Debug|Any CPU.Build.0 = Debug|Any CPU
		{49C746F1-53F4-433C-ABE0-1938D8B508B2}.Debug|x86.ActiveCfg = Debug|Any CPU
		{49C746F1-53F4-433C-ABE0-1938D8B508B2}.Debug|x86.Build.0 = Debug|Any CPU
		{49C746F1-53F4-433C-ABE0-1938D8B508B2}.Release|Any CPU.ActiveCfg = Release|Any CPU
		{49C746F1-53F4-433C-ABE0-1938D8B508B2}.Release|Any CPU.Build.0 = Release|Any CPU
		{49C746F1-53F4-433C-ABE0-1938D8B508B2}.Release|x86.ActiveCfg = Release|Any CPU
		{49C746F1-53F4-433C-ABE0-1938D8B508B2}.Release|x86.Build.0 = Release|Any CPU
		{91212914-7EAF-4FC7-88E8-5C8ED9A9DB4A}.Debug|Any CPU.ActiveCfg = Debug|Any CPU
		{91212914-7EAF-4FC7-88E8-5C8ED9A9DB4A}.Debug|Any CPU.Build.0 = Debug|Any CPU
		{91212914-7EAF-4FC7-88E8-5C8ED9A9DB4A}.Debug|x86.ActiveCfg = Debug|Any CPU
		{91212914-7EAF-4FC7-88E8-5C8ED9A9DB4A}.Debug|x86.Build.0 = Debug|Any CPU
		{91212914-7EAF-4FC7-88E8-5C8ED9A9DB4A}.Release|Any CPU.ActiveCfg = Release|Any CPU
		{91212914-7EAF-4FC7-88E8-5C8ED9A9DB4A}.Release|Any CPU.Build.0 = Release|Any CPU
		{91212914-7EAF-4FC7-88E8-5C8ED9A9DB4A}.Release|x86.ActiveCfg = Release|Any CPU
		{91212914-7EAF-4FC7-88E8-5C8ED9A9DB4A}.Release|x86.Build.0 = Release|Any CPU
		{F966402C-3F18-4FC4-B5E6-8049C79614B8}.Debug|Any CPU.ActiveCfg = Debug|Any CPU
		{F966402C-3F18-4FC4-B5E6-8049C79614B8}.Debug|Any CPU.Build.0 = Debug|Any CPU
		{F966402C-3F18-4FC4-B5E6-8049C79614B8}.Debug|x86.ActiveCfg = Debug|Any CPU
		{F966402C-3F18-4FC4-B5E6-8049C79614B8}.Debug|x86.Build.0 = Debug|Any CPU
		{F966402C-3F18-4FC4-B5E6-8049C79614B8}.Release|Any CPU.ActiveCfg = Release|Any CPU
		{F966402C-3F18-4FC4-B5E6-8049C79614B8}.Release|Any CPU.Build.0 = Release|Any CPU
		{F966402C-3F18-4FC4-B5E6-8049C79614B8}.Release|x86.ActiveCfg = Release|Any CPU
		{F966402C-3F18-4FC4-B5E6-8049C79614B8}.Release|x86.Build.0 = Release|Any CPU
		{D07BC865-AD15-4859-AEA7-C58389DAB1F0}.Debug|Any CPU.ActiveCfg = Debug|Any CPU
		{D07BC865-AD15-4859-AEA7-C58389DAB1F0}.Debug|Any CPU.Build.0 = Debug|Any CPU
		{D07BC865-AD15-4859-AEA7-C58389DAB1F0}.Debug|x86.ActiveCfg = Debug|Any CPU
		{D07BC865-AD15-4859-AEA7-C58389DAB1F0}.Debug|x86.Build.0 = Debug|Any CPU
		{D07BC865-AD15-4859-AEA7-C58389DAB1F0}.Release|Any CPU.ActiveCfg = Release|Any CPU
		{D07BC865-AD15-4859-AEA7-C58389DAB1F0}.Release|Any CPU.Build.0 = Release|Any CPU
		{D07BC865-AD15-4859-AEA7-C58389DAB1F0}.Release|x86.ActiveCfg = Release|Any CPU
		{D07BC865-AD15-4859-AEA7-C58389DAB1F0}.Release|x86.Build.0 = Release|Any CPU
		{CE027ADF-C798-4989-B42C-BB571EBDAB03}.Debug|Any CPU.ActiveCfg = Debug|Any CPU
		{CE027ADF-C798-4989-B42C-BB571EBDAB03}.Debug|Any CPU.Build.0 = Debug|Any CPU
		{CE027ADF-C798-4989-B42C-BB571EBDAB03}.Debug|x86.ActiveCfg = Debug|Any CPU
		{CE027ADF-C798-4989-B42C-BB571EBDAB03}.Debug|x86.Build.0 = Debug|Any CPU
		{CE027ADF-C798-4989-B42C-BB571EBDAB03}.Release|Any CPU.ActiveCfg = Release|Any CPU
		{CE027ADF-C798-4989-B42C-BB571EBDAB03}.Release|Any CPU.Build.0 = Release|Any CPU
		{CE027ADF-C798-4989-B42C-BB571EBDAB03}.Release|x86.ActiveCfg = Release|Any CPU
		{CE027ADF-C798-4989-B42C-BB571EBDAB03}.Release|x86.Build.0 = Release|Any CPU
		{40F6A888-F5E2-4B1E-8913-1E8ED3E6621E}.Debug|Any CPU.ActiveCfg = Debug|Any CPU
		{40F6A888-F5E2-4B1E-8913-1E8ED3E6621E}.Debug|Any CPU.Build.0 = Debug|Any CPU
		{40F6A888-F5E2-4B1E-8913-1E8ED3E6621E}.Debug|x86.ActiveCfg = Debug|Any CPU
		{40F6A888-F5E2-4B1E-8913-1E8ED3E6621E}.Debug|x86.Build.0 = Debug|Any CPU
		{40F6A888-F5E2-4B1E-8913-1E8ED3E6621E}.Release|Any CPU.ActiveCfg = Release|Any CPU
		{40F6A888-F5E2-4B1E-8913-1E8ED3E6621E}.Release|Any CPU.Build.0 = Release|Any CPU
		{40F6A888-F5E2-4B1E-8913-1E8ED3E6621E}.Release|x86.ActiveCfg = Release|Any CPU
		{40F6A888-F5E2-4B1E-8913-1E8ED3E6621E}.Release|x86.Build.0 = Release|Any CPU
		{DA92D3F1-CCA8-45EA-BB95-74F0158E76C5}.Debug|Any CPU.ActiveCfg = Debug|Any CPU
		{DA92D3F1-CCA8-45EA-BB95-74F0158E76C5}.Debug|Any CPU.Build.0 = Debug|Any CPU
		{DA92D3F1-CCA8-45EA-BB95-74F0158E76C5}.Debug|x86.ActiveCfg = Debug|Any CPU
		{DA92D3F1-CCA8-45EA-BB95-74F0158E76C5}.Debug|x86.Build.0 = Debug|Any CPU
		{DA92D3F1-CCA8-45EA-BB95-74F0158E76C5}.Release|Any CPU.ActiveCfg = Release|Any CPU
		{DA92D3F1-CCA8-45EA-BB95-74F0158E76C5}.Release|Any CPU.Build.0 = Release|Any CPU
		{DA92D3F1-CCA8-45EA-BB95-74F0158E76C5}.Release|x86.ActiveCfg = Release|Any CPU
		{DA92D3F1-CCA8-45EA-BB95-74F0158E76C5}.Release|x86.Build.0 = Release|Any CPU
		{477A33C0-33EE-4176-BA3F-7EF56B46A811}.Debug|Any CPU.ActiveCfg = Debug|Any CPU
		{477A33C0-33EE-4176-BA3F-7EF56B46A811}.Debug|Any CPU.Build.0 = Debug|Any CPU
		{477A33C0-33EE-4176-BA3F-7EF56B46A811}.Debug|x86.ActiveCfg = Debug|Any CPU
		{477A33C0-33EE-4176-BA3F-7EF56B46A811}.Debug|x86.Build.0 = Debug|Any CPU
		{477A33C0-33EE-4176-BA3F-7EF56B46A811}.Release|Any CPU.ActiveCfg = Release|Any CPU
		{477A33C0-33EE-4176-BA3F-7EF56B46A811}.Release|Any CPU.Build.0 = Release|Any CPU
		{477A33C0-33EE-4176-BA3F-7EF56B46A811}.Release|x86.ActiveCfg = Release|Any CPU
		{477A33C0-33EE-4176-BA3F-7EF56B46A811}.Release|x86.Build.0 = Release|Any CPU
		{C04A5FDD-89B4-43EC-9E1F-F82238DFFCA0}.Debug|Any CPU.ActiveCfg = Debug|Any CPU
		{C04A5FDD-89B4-43EC-9E1F-F82238DFFCA0}.Debug|Any CPU.Build.0 = Debug|Any CPU
		{C04A5FDD-89B4-43EC-9E1F-F82238DFFCA0}.Debug|x86.ActiveCfg = Debug|Any CPU
		{C04A5FDD-89B4-43EC-9E1F-F82238DFFCA0}.Debug|x86.Build.0 = Debug|Any CPU
		{C04A5FDD-89B4-43EC-9E1F-F82238DFFCA0}.Release|Any CPU.ActiveCfg = Release|Any CPU
		{C04A5FDD-89B4-43EC-9E1F-F82238DFFCA0}.Release|Any CPU.Build.0 = Release|Any CPU
		{C04A5FDD-89B4-43EC-9E1F-F82238DFFCA0}.Release|x86.ActiveCfg = Release|Any CPU
		{C04A5FDD-89B4-43EC-9E1F-F82238DFFCA0}.Release|x86.Build.0 = Release|Any CPU
	EndGlobalSection
	GlobalSection(SolutionProperties) = preSolution
		HideSolutionNode = FALSE
	EndGlobalSection
	GlobalSection(ExtensibilityGlobals) = postSolution
		EnterpriseLibraryConfigurationToolBinariesPath = packages\Unity.2.1.505.0\lib\NET35;packages\Unity.Interception.2.1.505.0\lib\NET35;packages\EnterpriseLibrary.Common.5.0.505.0\lib\NET35;packages\EnterpriseLibrary.ExceptionHandling.5.0.505.0\lib\NET35;packages\Unity.2.1.505.2\lib\NET35;packages\Unity.Interception.2.1.505.2\lib\NET35
		SolutionGuid = {1E9DBCC0-68AB-41C0-80C9-0848F7FE65A6}
	EndGlobalSection
EndGlobal
