Microsoft Visual Studio Solution File, Format Version 12.00
# Visual Studio 15
VisualStudioVersion = 15.0.26403.3
MinimumVisualStudioVersion = 10.0.40219.1
Project("{FAE04EC0-301F-11D3-BF4B-00C04F79EFBC}") = "AspNetCoreExample", "AspNetCoreExample.csproj", "{4F95EDE6-FCB0-4794-892A-AA01BE7DC65A}"
EndProject
Global
	GlobalSection(SolutionConfigurationPlatforms) = preSolution
		Debug|Any CPU = Debug|Any CPU
		Debug|x64 = Debug|x64
		Debug|x86 = Debug|x86
		Release|Any CPU = Release|Any CPU
		Release|x64 = Release|x64
		Release|x86 = Release|x86
	EndGlobalSection
	GlobalSection(ProjectConfigurationPlatforms) = postSolution
		{4F95EDE6-FCB0-4794-892A-AA01BE7DC65A}.Debug|Any CPU.ActiveCfg = Debug|Any CPU
		{4F95EDE6-FCB0-4794-892A-AA01BE7DC65A}.Debug|Any CPU.Build.0 = Debug|Any CPU
		{4F95EDE6-FCB0-4794-892A-AA01BE7DC65A}.Debug|x64.ActiveCfg = Debug|Any CPU
		{4F95EDE6-FCB0-4794-892A-AA01BE7DC65A}.Debug|x64.Build.0 = Debug|Any CPU
		{4F95EDE6-FCB0-4794-892A-AA01BE7DC65A}.Debug|x86.ActiveCfg = Debug|Any CPU
		{4F95EDE6-FCB0-4794-892A-AA01BE7DC65A}.Debug|x86.Build.0 = Debug|Any CPU
		{4F95EDE6-FCB0-4794-892A-AA01BE7DC65A}.Release|Any CPU.ActiveCfg = Release|Any CPU
		{4F95EDE6-FCB0-4794-892A-AA01BE7DC65A}.Release|Any CPU.Build.0 = Release|Any CPU
		{4F95EDE6-FCB0-4794-892A-AA01BE7DC65A}.Release|x64.ActiveCfg = Release|Any CPU
		{4F95EDE6-FCB0-4794-892A-AA01BE7DC65A}.Release|x64.Build.0 = Release|Any CPU
		{4F95EDE6-FCB0-4794-892A-AA01BE7DC65A}.Release|x86.ActiveCfg = Release|Any CPU
		{4F95EDE6-FCB0-4794-892A-AA01BE7DC65A}.Release|x86.Build.0 = Release|Any CPU
	EndGlobalSection
	GlobalSection(SolutionProperties) = preSolution
		HideSolutionNode = FALSE
	EndGlobalSection
EndGlobal
